
Microsoft Visual Studio Solution File, Format Version 12.00
# Visual Studio Version 16
VisualStudioVersion = 16.0.30907.101
MinimumVisualStudioVersion = 10.0.40219.1
Project("{FAE04EC0-301F-11D3-BF4B-00C04F79EFBC}") = "GenerationV_Launcher_WPF", "GenerationV_Launcher_WPF\GenerationV_Launcher_WPF.csproj", "{36963D6E-884E-45AE-8D6B-48CBA365732E}"
EndProject
Global
	GlobalSection(SolutionConfigurationPlatforms) = preSolution
		Debug|Any CPU = Debug|Any CPU
		Release|Any CPU = Release|Any CPU
	EndGlobalSection
	GlobalSection(ProjectConfigurationPlatforms) = postSolution
		{36963D6E-884E-45AE-8D6B-48CBA365732E}.Debug|Any CPU.ActiveCfg = Debug|Any CPU
		{36963D6E-884E-45AE-8D6B-48CBA365732E}.Debug|Any CPU.Build.0 = Debug|Any CPU
		{36963D6E-884E-45AE-8D6B-48CBA365732E}.Release|Any CPU.ActiveCfg = Release|Any CPU
		{36963D6E-884E-45AE-8D6B-48CBA365732E}.Release|Any CPU.Build.0 = Release|Any CPU
	EndGlobalSection
	GlobalSection(SolutionProperties) = preSolution
		HideSolutionNode = FALSE
	EndGlobalSection
	GlobalSection(ExtensibilityGlobals) = postSolution
		SolutionGuid = {67085545-F60F-46F3-899E-2D85970A6EA4}
	EndGlobalSection
EndGlobal
